// !$*UTF8*$!
{
	archiveVersion = 1;
	classes = {
	};
	objectVersion = 46;
	objects = {

/* Begin PBXBuildFile section */
		CB3456EC1A70034800DC98FD /* main.m in Sources */ = {isa = PBXBuildFile; fileRef = CB3456EB1A70034800DC98FD /* main.m */; };
		CB3456EF1A70034800DC98FD /* AppDelegate.m in Sources */ = {isa = PBXBuildFile; fileRef = CB3456EE1A70034800DC98FD /* AppDelegate.m */; };
		CB3456F21A70034800DC98FD /* ViewController.m in Sources */ = {isa = PBXBuildFile; fileRef = CB3456F11A70034800DC98FD /* ViewController.m */; };
		CB3456F51A70034800DC98FD /* Main.storyboard in Resources */ = {isa = PBXBuildFile; fileRef = CB3456F31A70034800DC98FD /* Main.storyboard */; };
		CB3456F71A70034800DC98FD /* Images.xcassets in Resources */ = {isa = PBXBuildFile; fileRef = CB3456F61A70034800DC98FD /* Images.xcassets */; };
		CB3456FA1A70034800DC98FD /* LaunchScreen.xib in Resources */ = {isa = PBXBuildFile; fileRef = CB3456F81A70034800DC98FD /* LaunchScreen.xib */; };
		CB3457061A70034800DC98FD /* VRCScreenerTests.m in Sources */ = {isa = PBXBuildFile; fileRef = CB3457051A70034800DC98FD /* VRCScreenerTests.m */; };
		CB3457101A70036E00DC98FD /* DBChooser.framework in Frameworks */ = {isa = PBXBuildFile; fileRef = CB34570F1A70036E00DC98FD /* DBChooser.framework */; };
		CB3457131A7003BC00DC98FD /* DBChooser.bundle in Frameworks */ = {isa = PBXBuildFile; fileRef = CB3457111A70039300DC98FD /* DBChooser.bundle */; };
/* End PBXBuildFile section */

/* Begin PBXContainerItemProxy section */
		CB3457001A70034800DC98FD /* PBXContainerItemProxy */ = {
			isa = PBXContainerItemProxy;
			containerPortal = CB3456DE1A70034700DC98FD /* Project object */;
			proxyType = 1;
			remoteGlobalIDString = CB3456E51A70034700DC98FD;
			remoteInfo = VRCScreener;
		};
/* End PBXContainerItemProxy section */

/* Begin PBXFileReference section */
		CB3456E61A70034700DC98FD /* VRCScreener.app */ = {isa = PBXFileReference; explicitFileType = wrapper.application; includeInIndex = 0; path = VRCScreener.app; sourceTree = BUILT_PRODUCTS_DIR; };
		CB3456EA1A70034800DC98FD /* Info.plist */ = {isa = PBXFileReference; lastKnownFileType = text.plist.xml; path = Info.plist; sourceTree = "<group>"; };
		CB3456EB1A70034800DC98FD /* main.m */ = {isa = PBXFileReference; lastKnownFileType = sourcecode.c.objc; path = main.m; sourceTree = "<group>"; };
		CB3456ED1A70034800DC98FD /* AppDelegate.h */ = {isa = PBXFileReference; lastKnownFileType = sourcecode.c.h; path = AppDelegate.h; sourceTree = "<group>"; };
		CB3456EE1A70034800DC98FD /* AppDelegate.m */ = {isa = PBXFileReference; lastKnownFileType = sourcecode.c.objc; path = AppDelegate.m; sourceTree = "<group>"; };
		CB3456F01A70034800DC98FD /* ViewController.h */ = {isa = PBXFileReference; lastKnownFileType = sourcecode.c.h; path = ViewController.h; sourceTree = "<group>"; };
		CB3456F11A70034800DC98FD /* ViewController.m */ = {isa = PBXFileReference; lastKnownFileType = sourcecode.c.objc; path = ViewController.m; sourceTree = "<group>"; };
		CB3456F41A70034800DC98FD /* Base */ = {isa = PBXFileReference; lastKnownFileType = file.storyboard; name = Base; path = Base.lproj/Main.storyboard; sourceTree = "<group>"; };
		CB3456F61A70034800DC98FD /* Images.xcassets */ = {isa = PBXFileReference; lastKnownFileType = folder.assetcatalog; path = Images.xcassets; sourceTree = "<group>"; };
		CB3456F91A70034800DC98FD /* Base */ = {isa = PBXFileReference; lastKnownFileType = file.xib; name = Base; path = Base.lproj/LaunchScreen.xib; sourceTree = "<group>"; };
		CB3456FF1A70034800DC98FD /* VRCScreenerTests.xctest */ = {isa = PBXFileReference; explicitFileType = wrapper.cfbundle; includeInIndex = 0; path = VRCScreenerTests.xctest; sourceTree = BUILT_PRODUCTS_DIR; };
		CB3457041A70034800DC98FD /* Info.plist */ = {isa = PBXFileReference; lastKnownFileType = text.plist.xml; path = Info.plist; sourceTree = "<group>"; };
		CB3457051A70034800DC98FD /* VRCScreenerTests.m */ = {isa = PBXFileReference; lastKnownFileType = sourcecode.c.objc; path = VRCScreenerTests.m; sourceTree = "<group>"; };
		CB34570F1A70036E00DC98FD /* DBChooser.framework */ = {isa = PBXFileReference; lastKnownFileType = wrapper.framework; name = DBChooser.framework; path = "../../../Downloads/dropbox-ios-dropins-sdk-1.2.1/DBChooser.framework"; sourceTree = "<group>"; };
		CB3457111A70039300DC98FD /* DBChooser.bundle */ = {isa = PBXFileReference; lastKnownFileType = "wrapper.plug-in"; path = DBChooser.bundle; sourceTree = "<group>"; };
/* End PBXFileReference section */

/* Begin PBXFrameworksBuildPhase section */
		CB3456E31A70034700DC98FD /* Frameworks */ = {
			isa = PBXFrameworksBuildPhase;
			buildActionMask = 2147483647;
			files = (
				CB3457131A7003BC00DC98FD /* DBChooser.bundle in Frameworks */,
				CB3457101A70036E00DC98FD /* DBChooser.framework in Frameworks */,
			);
			runOnlyForDeploymentPostprocessing = 0;
		};
		CB3456FC1A70034800DC98FD /* Frameworks */ = {
			isa = PBXFrameworksBuildPhase;
			buildActionMask = 2147483647;
			files = (
			);
			runOnlyForDeploymentPostprocessing = 0;
		};
/* End PBXFrameworksBuildPhase section */

/* Begin PBXGroup section */
		CB3456DD1A70034700DC98FD = {
			isa = PBXGroup;
			children = (
				CB3457111A70039300DC98FD /* DBChooser.bundle */,
				CB34570F1A70036E00DC98FD /* DBChooser.framework */,
				CB3456E81A70034700DC98FD /* VRCScreener */,
				CB3457021A70034800DC98FD /* VRCScreenerTests */,
				CB3456E71A70034700DC98FD /* Products */,
			);
			sourceTree = "<group>";
		};
		CB3456E71A70034700DC98FD /* Products */ = {
			isa = PBXGroup;
			children = (
				CB3456E61A70034700DC98FD /* VRCScreener.app */,
				CB3456FF1A70034800DC98FD /* VRCScreenerTests.xctest */,
			);
			name = Products;
			sourceTree = "<group>";
		};
		CB3456E81A70034700DC98FD /* VRCScreener */ = {
			isa = PBXGroup;
			children = (
				CB3456ED1A70034800DC98FD /* AppDelegate.h */,
				CB3456EE1A70034800DC98FD /* AppDelegate.m */,
				CB3456F01A70034800DC98FD /* ViewController.h */,
				CB3456F11A70034800DC98FD /* ViewController.m */,
				CB3456F31A70034800DC98FD /* Main.storyboard */,
				CB3456F61A70034800DC98FD /* Images.xcassets */,
				CB3456F81A70034800DC98FD /* LaunchScreen.xib */,
				CB3456E91A70034700DC98FD /* Supporting Files */,
			);
			path = VRCScreener;
			sourceTree = "<group>";
		};
		CB3456E91A70034700DC98FD /* Supporting Files */ = {
			isa = PBXGroup;
			children = (
				CB3456EA1A70034800DC98FD /* Info.plist */,
				CB3456EB1A70034800DC98FD /* main.m */,
			);
			name = "Supporting Files";
			sourceTree = "<group>";
		};
		CB3457021A70034800DC98FD /* VRCScreenerTests */ = {
			isa = PBXGroup;
			children = (
				CB3457051A70034800DC98FD /* VRCScreenerTests.m */,
				CB3457031A70034800DC98FD /* Supporting Files */,
			);
			path = VRCScreenerTests;
			sourceTree = "<group>";
		};
		CB3457031A70034800DC98FD /* Supporting Files */ = {
			isa = PBXGroup;
			children = (
				CB3457041A70034800DC98FD /* Info.plist */,
			);
			name = "Supporting Files";
			sourceTree = "<group>";
		};
/* End PBXGroup section */

/* Begin PBXNativeTarget section */
		CB3456E51A70034700DC98FD /* VRCScreener */ = {
			isa = PBXNativeTarget;
			buildConfigurationList = CB3457091A70034800DC98FD /* Build configuration list for PBXNativeTarget "VRCScreener" */;
			buildPhases = (
				CB3456E21A70034700DC98FD /* Sources */,
				CB3456E31A70034700DC98FD /* Frameworks */,
				CB3456E41A70034700DC98FD /* Resources */,
			);
			buildRules = (
			);
			dependencies = (
			);
			name = VRCScreener;
			productName = VRCScreener;
			productReference = CB3456E61A70034700DC98FD /* VRCScreener.app */;
			productType = "com.apple.product-type.application";
		};
		CB3456FE1A70034800DC98FD /* VRCScreenerTests */ = {
			isa = PBXNativeTarget;
			buildConfigurationList = CB34570C1A70034800DC98FD /* Build configuration list for PBXNativeTarget "VRCScreenerTests" */;
			buildPhases = (
				CB3456FB1A70034800DC98FD /* Sources */,
				CB3456FC1A70034800DC98FD /* Frameworks */,
				CB3456FD1A70034800DC98FD /* Resources */,
			);
			buildRules = (
			);
			dependencies = (
				CB3457011A70034800DC98FD /* PBXTargetDependency */,
			);
			name = VRCScreenerTests;
			productName = VRCScreenerTests;
			productReference = CB3456FF1A70034800DC98FD /* VRCScreenerTests.xctest */;
			productType = "com.apple.product-type.bundle.unit-test";
		};
/* End PBXNativeTarget section */

/* Begin PBXProject section */
		CB3456DE1A70034700DC98FD /* Project object */ = {
			isa = PBXProject;
			attributes = {
				LastUpgradeCheck = 0610;
				ORGANIZATIONNAME = "Vision Research";
				TargetAttributes = {
					CB3456E51A70034700DC98FD = {
						CreatedOnToolsVersion = 6.1.1;
					};
					CB3456FE1A70034800DC98FD = {
						CreatedOnToolsVersion = 6.1.1;
						TestTargetID = CB3456E51A70034700DC98FD;
					};
				};
			};
			buildConfigurationList = CB3456E11A70034700DC98FD /* Build configuration list for PBXProject "VRCScreener" */;
			compatibilityVersion = "Xcode 3.2";
			developmentRegion = English;
			hasScannedForEncodings = 0;
			knownRegions = (
				en,
				Base,
			);
			mainGroup = CB3456DD1A70034700DC98FD;
			productRefGroup = CB3456E71A70034700DC98FD /* Products */;
			projectDirPath = "";
			projectRoot = "";
			targets = (
				CB3456E51A70034700DC98FD /* VRCScreener */,
				CB3456FE1A70034800DC98FD /* VRCScreenerTests */,
			);
		};
/* End PBXProject section */

/* Begin PBXResourcesBuildPhase section */
		CB3456E41A70034700DC98FD /* Resources */ = {
			isa = PBXResourcesBuildPhase;
			buildActionMask = 2147483647;
			files = (
				CB3456F51A70034800DC98FD /* Main.storyboard in Resources */,
				CB3456FA1A70034800DC98FD /* LaunchScreen.xib in Resources */,
				CB3456F71A70034800DC98FD /* Images.xcassets in Resources */,
			);
			runOnlyForDeploymentPostprocessing = 0;
		};
		CB3456FD1A70034800DC98FD /* Resources */ = {
			isa = PBXResourcesBuildPhase;
			buildActionMask = 2147483647;
			files = (
			);
			runOnlyForDeploymentPostprocessing = 0;
		};
/* End PBXResourcesBuildPhase section */

/* Begin PBXSourcesBuildPhase section */
		CB3456E21A70034700DC98FD /* Sources */ = {
			isa = PBXSourcesBuildPhase;
			buildActionMask = 2147483647;
			files = (
				CB3456F21A70034800DC98FD /* ViewController.m in Sources */,
				CB3456EF1A70034800DC98FD /* AppDelegate.m in Sources */,
				CB3456EC1A70034800DC98FD /* main.m in Sources */,
			);
			runOnlyForDeploymentPostprocessing = 0;
		};
		CB3456FB1A70034800DC98FD /* Sources */ = {
			isa = PBXSourcesBuildPhase;
			buildActionMask = 2147483647;
			files = (
				CB3457061A70034800DC98FD /* VRCScreenerTests.m in Sources */,
			);
			runOnlyForDeploymentPostprocessing = 0;
		};
/* End PBXSourcesBuildPhase section */

/* Begin PBXTargetDependency section */
		CB3457011A70034800DC98FD /* PBXTargetDependency */ = {
			isa = PBXTargetDependency;
			target = CB3456E51A70034700DC98FD /* VRCScreener */;
			targetProxy = CB3457001A70034800DC98FD /* PBXContainerItemProxy */;
		};
/* End PBXTargetDependency section */

/* Begin PBXVariantGroup section */
		CB3456F31A70034800DC98FD /* Main.storyboard */ = {
			isa = PBXVariantGroup;
			children = (
				CB3456F41A70034800DC98FD /* Base */,
			);
			name = Main.storyboard;
			sourceTree = "<group>";
		};
		CB3456F81A70034800DC98FD /* LaunchScreen.xib */ = {
			isa = PBXVariantGroup;
			children = (
				CB3456F91A70034800DC98FD /* Base */,
			);
			name = LaunchScreen.xib;
			sourceTree = "<group>";
		};
/* End PBXVariantGroup section */

/* Begin XCBuildConfiguration section */
		CB3457071A70034800DC98FD /* Debug */ = {
			isa = XCBuildConfiguration;
			buildSettings = {
				ALWAYS_SEARCH_USER_PATHS = NO;
				CLANG_CXX_LANGUAGE_STANDARD = "gnu++0x";
				CLANG_CXX_LIBRARY = "libc++";
				CLANG_ENABLE_MODULES = YES;
				CLANG_ENABLE_OBJC_ARC = YES;
				CLANG_WARN_BOOL_CONVERSION = YES;
				CLANG_WARN_CONSTANT_CONVERSION = YES;
				CLANG_WARN_DIRECT_OBJC_ISA_USAGE = YES_ERROR;
				CLANG_WARN_EMPTY_BODY = YES;
				CLANG_WARN_ENUM_CONVERSION = YES;
				CLANG_WARN_INT_CONVERSION = YES;
				CLANG_WARN_OBJC_ROOT_CLASS = YES_ERROR;
				CLANG_WARN_UNREACHABLE_CODE = YES;
				CLANG_WARN__DUPLICATE_METHOD_MATCH = YES;
				"CODE_SIGN_IDENTITY[sdk=iphoneos*]" = "iPhone Developer";
				COPY_PHASE_STRIP = NO;
				ENABLE_STRICT_OBJC_MSGSEND = YES;
				GCC_C_LANGUAGE_STANDARD = gnu99;
				GCC_DYNAMIC_NO_PIC = NO;
				GCC_OPTIMIZATION_LEVEL = 0;
				GCC_PREPROCESSOR_DEFINITIONS = (
					"DEBUG=1",
					"$(inherited)",
				);
				GCC_SYMBOLS_PRIVATE_EXTERN = NO;
				GCC_WARN_64_TO_32_BIT_CONVERSION = YES;
				GCC_WARN_ABOUT_RETURN_TYPE = YES_ERROR;
				GCC_WARN_UNDECLARED_SELECTOR = YES;
				GCC_WARN_UNINITIALIZED_AUTOS = YES_AGGRESSIVE;
				GCC_WARN_UNUSED_FUNCTION = YES;
				GCC_WARN_UNUSED_VARIABLE = YES;
				IPHONEOS_DEPLOYMENT_TARGET = 8.1;
				MTL_ENABLE_DEBUG_INFO = YES;
				ONLY_ACTIVE_ARCH = YES;
				SDKROOT = iphoneos;
				TARGETED_DEVICE_FAMILY = "1,2";
			};
			name = Debug;
		};
		CB3457081A70034800DC98FD /* Release */ = {
			isa = XCBuildConfiguration;
			buildSettings = {
				ALWAYS_SEARCH_USER_PATHS = NO;
				CLANG_CXX_LANGUAGE_STANDARD = "gnu++0x";
				CLANG_CXX_LIBRARY = "libc++";
				CLANG_ENABLE_MODULES = YES;
				CLANG_ENABLE_OBJC_ARC = YES;
				CLANG_WARN_BOOL_CONVERSION = YES;
				CLANG_WARN_CONSTANT_CONVERSION = YES;
				CLANG_WARN_DIRECT_OBJC_ISA_USAGE = YES_ERROR;
				CLANG_WARN_EMPTY_BODY = YES;
				CLANG_WARN_ENUM_CONVERSION = YES;
				CLANG_WARN_INT_CONVERSION = YES;
				CLANG_WARN_OBJC_ROOT_CLASS = YES_ERROR;
				CLANG_WARN_UNREACHABLE_CODE = YES;
				CLANG_WARN__DUPLICATE_METHOD_MATCH = YES;
				"CODE_SIGN_IDENTITY[sdk=iphoneos*]" = "iPhone Developer";
				COPY_PHASE_STRIP = YES;
				ENABLE_NS_ASSERTIONS = NO;
				ENABLE_STRICT_OBJC_MSGSEND = YES;
				GCC_C_LANGUAGE_STANDARD = gnu99;
				GCC_WARN_64_TO_32_BIT_CONVERSION = YES;
				GCC_WARN_ABOUT_RETURN_TYPE = YES_ERROR;
				GCC_WARN_UNDECLARED_SELECTOR = YES;
				GCC_WARN_UNINITIALIZED_AUTOS = YES_AGGRESSIVE;
				GCC_WARN_UNUSED_FUNCTION = YES;
				GCC_WARN_UNUSED_VARIABLE = YES;
				IPHONEOS_DEPLOYMENT_TARGET = 8.1;
				MTL_ENABLE_DEBUG_INFO = NO;
				SDKROOT = iphoneos;
				TARGETED_DEVICE_FAMILY = "1,2";
				VALIDATE_PRODUCT = YES;
			};
			name = Release;
		};
		CB34570A1A70034800DC98FD /* Debug */ = {
			isa = XCBuildConfiguration;
			buildSettings = {
				ASSETCATALOG_COMPILER_APPICON_NAME = AppIcon;
				FRAMEWORK_SEARCH_PATHS = (
					"$(inherited)",
					"/Users/jarredalldredge/Downloads/dropbox-ios-dropins-sdk-1.2.1",
				);
				INFOPLIST_FILE = VRCScreener/Info.plist;
				LD_RUNPATH_SEARCH_PATHS = "$(inherited) @executable_path/Frameworks";
				PRODUCT_NAME = "$(TARGET_NAME)";
			};
			name = Debug;
		};
		CB34570B1A70034800DC98FD /* Release */ = {
			isa = XCBuildConfiguration;
			buildSettings = {
				ASSETCATALOG_COMPILER_APPICON_NAME = AppIcon;
				FRAMEWORK_SEARCH_PATHS = (
					"$(inherited)",
					"/Users/jarredalldredge/Downloads/dropbox-ios-dropins-sdk-1.2.1",
				);
				INFOPLIST_FILE = VRCScreener/Info.plist;
				LD_RUNPATH_SEARCH_PATHS = "$(inherited) @executable_path/Frameworks";
				PRODUCT_NAME = "$(TARGET_NAME)";
			};
			name = Release;
		};
		CB34570D1A70034800DC98FD /* Debug */ = {
			isa = XCBuildConfiguration;
			buildSettings = {
				BUNDLE_LOADER = "$(TEST_HOST)";
				FRAMEWORK_SEARCH_PATHS = (
					"$(SDKROOT)/Developer/Library/Frameworks",
					"$(inherited)",
				);
				GCC_PREPROCESSOR_DEFINITIONS = (
					"DEBUG=1",
					"$(inherited)",
				);
				INFOPLIST_FILE = VRCScreenerTests/Info.plist;
				LD_RUNPATH_SEARCH_PATHS = "$(inherited) @executable_path/Frameworks @loader_path/Frameworks";
				PRODUCT_NAME = "$(TARGET_NAME)";
				TEST_HOST = "$(BUILT_PRODUCTS_DIR)/VRCScreener.app/VRCScreener";
			};
			name = Debug;
		};
		CB34570E1A70034800DC98FD /* Release */ = {
			isa = XCBuildConfiguration;
			buildSettings = {
				BUNDLE_LOADER = "$(TEST_HOST)";
				FRAMEWORK_SEARCH_PATHS = (
					"$(SDKROOT)/Developer/Library/Frameworks",
					"$(inherited)",
				);
				INFOPLIST_FILE = VRCScreenerTests/Info.plist;
				LD_RUNPATH_SEARCH_PATHS = "$(inherited) @executable_path/Frameworks @loader_path/Frameworks";
				PRODUCT_NAME = "$(TARGET_NAME)";
				TEST_HOST = "$(BUILT_PRODUCTS_DIR)/VRCScreener.app/VRCScreener";
			};
			name = Release;
		};
/* End XCBuildConfiguration section */

/* Begin XCConfigurationList section */
		CB3456E11A70034700DC98FD /* Build configuration list for PBXProject "VRCScreener" */ = {
			isa = XCConfigurationList;
			buildConfigurations = (
				CB3457071A70034800DC98FD /* Debug */,
				CB3457081A70034800DC98FD /* Release */,
			);
			defaultConfigurationIsVisible = 0;
			defaultConfigurationName = Release;
		};
		CB3457091A70034800DC98FD /* Build configuration list for PBXNativeTarget "VRCScreener" */ = {
			isa = XCConfigurationList;
			buildConfigurations = (
				CB34570A1A70034800DC98FD /* Debug */,
				CB34570B1A70034800DC98FD /* Release */,
			);
			defaultConfigurationIsVisible = 0;
		};
		CB34570C1A70034800DC98FD /* Build configuration list for PBXNativeTarget "VRCScreenerTests" */ = {
			isa = XCConfigurationList;
			buildConfigurations = (
				CB34570D1A70034800DC98FD /* Debug */,
				CB34570E1A70034800DC98FD /* Release */,
			);
			defaultConfigurationIsVisible = 0;
		};
/* End XCConfigurationList section */
	};
	rootObject = CB3456DE1A70034700DC98FD /* Project object */;
}
